
Microsoft Visual Studio Solution File, Format Version 12.00
# Visual Studio Version 16
VisualStudioVersion = 16.0.31729.503
MinimumVisualStudioVersion = 10.0.40219.1
Project("{FAE04EC0-301F-11D3-BF4B-00C04F79EFBC}") = "IOT_R8", "IOT_R8\IOT_R8.csproj", "{3B61CB19-9ECE-458C-A0E9-8592136A3F88}"
EndProject
Global
	GlobalSection(SolutionConfigurationPlatforms) = preSolution
		Debug|Any CPU = Debug|Any CPU
		Release|Any CPU = Release|Any CPU
	EndGlobalSection
	GlobalSection(ProjectConfigurationPlatforms) = postSolution
		{3B61CB19-9ECE-458C-A0E9-8592136A3F88}.Debug|Any CPU.ActiveCfg = Debug|Any CPU
		{3B61CB19-9ECE-458C-A0E9-8592136A3F88}.Debug|Any CPU.Build.0 = Debug|Any CPU
		{3B61CB19-9ECE-458C-A0E9-8592136A3F88}.Release|Any CPU.ActiveCfg = Release|Any CPU
		{3B61CB19-9ECE-458C-A0E9-8592136A3F88}.Release|Any CPU.Build.0 = Release|Any CPU
	EndGlobalSection
	GlobalSection(SolutionProperties) = preSolution
		HideSolutionNode = FALSE
	EndGlobalSection
	GlobalSection(ExtensibilityGlobals) = postSolution
		SolutionGuid = {B7B617A6-76AF-4F17-8F71-9597BD83D82B}
	EndGlobalSection
EndGlobal
